
Microsoft Visual Studio Solution File, Format Version 12.00
Project("{FAE04EC0-301F-11D3-BF4B-00C04F79EFBC}") = "First_prg", "First_prg\First_prg.csproj", "{DA042A5F-7537-4DAA-9406-17D89C3C8F60}"
EndProject
Project("{FAE04EC0-301F-11D3-BF4B-00C04F79EFBC}") = "DataTypes", "DataTypes\DataTypes.csproj", "{A5D8EB71-CC19-49A6-B9DD-40983FC9C227}"
EndProject
Project("{FAE04EC0-301F-11D3-BF4B-00C04F79EFBC}") = "ValueTypes", "ValueTypes\ValueTypes.csproj", "{F4A7ACA0-F045-4CE6-9F6D-C787C68DF090}"
EndProject
Project("{FAE04EC0-301F-11D3-BF4B-00C04F79EFBC}") = "ReferenceType", "ReferenceType\ReferenceType.csproj", "{E28965EE-82C3-44D1-97B1-447F7DDFE7A3}"
EndProject
Project("{FAE04EC0-301F-11D3-BF4B-00C04F79EFBC}") = "NumberFormat", "NumberFormat\NumberFormat.csproj", "{6F38CE83-E32D-4490-8391-64A9D9A6B7CF}"
EndProject
Project("{FAE04EC0-301F-11D3-BF4B-00C04F79EFBC}") = "DateTimeFormat", "DateTimeFormat\DateTimeFormat.csproj", "{17129C35-D9D5-4778-9FEE-EF7EB740AD0F}"
EndProject
Project("{2150E333-8FDC-42A3-9474-1A3956D46DE8}") = "Exc1", "Exc1", "{FA7325E9-9DA3-407E-8906-A80DD220DDE4}"
EndProject
Project("{2150E333-8FDC-42A3-9474-1A3956D46DE8}") = "Exc2", "Exc2", "{E0B6AB8F-E9C9-4938-BF25-4BFE4DDC59BF}"
EndProject
Project("{2150E333-8FDC-42A3-9474-1A3956D46DE8}") = "Exc3", "Exc3", "{9CABCF9A-947C-406B-BA86-247BDA108EE1}"
EndProject
Project("{2150E333-8FDC-42A3-9474-1A3956D46DE8}") = "Exc4", "Exc4", "{65672FDB-C456-462D-876F-D7AF634C963F}"
EndProject
Project("{2150E333-8FDC-42A3-9474-1A3956D46DE8}") = "Exc5", "Exc5", "{CCD07C37-6FE9-40F8-B07F-9D04FE0E2455}"
EndProject
Project("{2150E333-8FDC-42A3-9474-1A3956D46DE8}") = "Exc6", "Exc6", "{358B8E2D-0A67-4791-AE21-1A6C59F3FDB7}"
EndProject
Project("{2150E333-8FDC-42A3-9474-1A3956D46DE8}") = "Exc7", "Exc7", "{2E6132CB-5C0F-43CD-8F47-60C8D5BBF673}"
EndProject
Project("{FAE04EC0-301F-11D3-BF4B-00C04F79EFBC}") = "ImplicitilyTypedLocal", "ImplicitilyTypedLocal\ImplicitilyTypedLocal.csproj", "{865BA5F5-90C3-41FE-B046-E50F460F77B0}"
EndProject
Project("{2150E333-8FDC-42A3-9474-1A3956D46DE8}") = "Exc8", "Exc8", "{BDFAC397-8F07-41E1-816C-E5AD7FF0D9C7}"
EndProject
Project("{FAE04EC0-301F-11D3-BF4B-00C04F79EFBC}") = "AnonTypes", "AnonTypes\AnonTypes.csproj", "{AD330321-B3E4-413A-AC03-CC658E4C3109}"
EndProject
Project("{2150E333-8FDC-42A3-9474-1A3956D46DE8}") = "Part1", "Part1", "{784E1865-5638-4E10-8639-87ABE9F45308}"
EndProject
Project("{2150E333-8FDC-42A3-9474-1A3956D46DE8}") = "Part4", "Part4", "{F37BEF9C-93E4-4AAC-8B17-CF30DBE94B7F}"
EndProject
Project("{2150E333-8FDC-42A3-9474-1A3956D46DE8}") = "Exc1", "Exc1", "{EF845040-A724-4F8F-A6BC-2742A85487DF}"
EndProject
Project("{FAE04EC0-301F-11D3-BF4B-00C04F79EFBC}") = "Program01", "Program01\Program01.csproj", "{10478383-E37D-4592-A0A0-6155B36083CE}"
EndProject
Project("{2150E333-8FDC-42A3-9474-1A3956D46DE8}") = "Exc2", "Exc2", "{EF0C3D5B-5F60-4BCA-8583-561A4F9CBBE2}"
EndProject
Project("{FAE04EC0-301F-11D3-BF4B-00C04F79EFBC}") = "FindValueMinMax", "FindValueMinMax\FindValueMinMax.csproj", "{63362B57-BEEF-4301-97A3-6BA4D169C4E4}"
EndProject
Project("{2150E333-8FDC-42A3-9474-1A3956D46DE8}") = "Exc3", "Exc3", "{2DC1FE04-A9A3-4051-B979-BCA647A8FFB8}"
EndProject
Project("{FAE04EC0-301F-11D3-BF4B-00C04F79EFBC}") = "DayOfTheWeek", "DayOfTheWeek\DayOfTheWeek.csproj", "{6DCD2340-FDC6-45E7-A1E1-A72FE06C8838}"
EndProject
Project("{2150E333-8FDC-42A3-9474-1A3956D46DE8}") = "Exc4", "Exc4", "{5567E751-E6CA-4EFB-9517-49332FBA7D7E}"
EndProject
Project("{FAE04EC0-301F-11D3-BF4B-00C04F79EFBC}") = "MultiplicationTable", "MultiplicationTable\MultiplicationTable.csproj", "{A54AD143-847B-4380-B573-A76FBCA68B45}"
EndProject
Global
	GlobalSection(SolutionConfigurationPlatforms) = preSolution
		Debug|Any CPU = Debug|Any CPU
		Release|Any CPU = Release|Any CPU
	EndGlobalSection
	GlobalSection(ProjectConfigurationPlatforms) = postSolution
		{DA042A5F-7537-4DAA-9406-17D89C3C8F60}.Debug|Any CPU.ActiveCfg = Debug|Any CPU
		{DA042A5F-7537-4DAA-9406-17D89C3C8F60}.Debug|Any CPU.Build.0 = Debug|Any CPU
		{DA042A5F-7537-4DAA-9406-17D89C3C8F60}.Release|Any CPU.ActiveCfg = Release|Any CPU
		{DA042A5F-7537-4DAA-9406-17D89C3C8F60}.Release|Any CPU.Build.0 = Release|Any CPU
		{A5D8EB71-CC19-49A6-B9DD-40983FC9C227}.Debug|Any CPU.ActiveCfg = Debug|Any CPU
		{A5D8EB71-CC19-49A6-B9DD-40983FC9C227}.Debug|Any CPU.Build.0 = Debug|Any CPU
		{A5D8EB71-CC19-49A6-B9DD-40983FC9C227}.Release|Any CPU.ActiveCfg = Release|Any CPU
		{A5D8EB71-CC19-49A6-B9DD-40983FC9C227}.Release|Any CPU.Build.0 = Release|Any CPU
		{F4A7ACA0-F045-4CE6-9F6D-C787C68DF090}.Debug|Any CPU.ActiveCfg = Debug|Any CPU
		{F4A7ACA0-F045-4CE6-9F6D-C787C68DF090}.Debug|Any CPU.Build.0 = Debug|Any CPU
		{F4A7ACA0-F045-4CE6-9F6D-C787C68DF090}.Release|Any CPU.ActiveCfg = Release|Any CPU
		{F4A7ACA0-F045-4CE6-9F6D-C787C68DF090}.Release|Any CPU.Build.0 = Release|Any CPU
		{E28965EE-82C3-44D1-97B1-447F7DDFE7A3}.Debug|Any CPU.ActiveCfg = Debug|Any CPU
		{E28965EE-82C3-44D1-97B1-447F7DDFE7A3}.Debug|Any CPU.Build.0 = Debug|Any CPU
		{E28965EE-82C3-44D1-97B1-447F7DDFE7A3}.Release|Any CPU.ActiveCfg = Release|Any CPU
		{E28965EE-82C3-44D1-97B1-447F7DDFE7A3}.Release|Any CPU.Build.0 = Release|Any CPU
		{6F38CE83-E32D-4490-8391-64A9D9A6B7CF}.Debug|Any CPU.ActiveCfg = Debug|Any CPU
		{6F38CE83-E32D-4490-8391-64A9D9A6B7CF}.Debug|Any CPU.Build.0 = Debug|Any CPU
		{6F38CE83-E32D-4490-8391-64A9D9A6B7CF}.Release|Any CPU.ActiveCfg = Release|Any CPU
		{6F38CE83-E32D-4490-8391-64A9D9A6B7CF}.Release|Any CPU.Build.0 = Release|Any CPU
		{17129C35-D9D5-4778-9FEE-EF7EB740AD0F}.Debug|Any CPU.ActiveCfg = Debug|Any CPU
		{17129C35-D9D5-4778-9FEE-EF7EB740AD0F}.Debug|Any CPU.Build.0 = Debug|Any CPU
		{17129C35-D9D5-4778-9FEE-EF7EB740AD0F}.Release|Any CPU.ActiveCfg = Release|Any CPU
		{17129C35-D9D5-4778-9FEE-EF7EB740AD0F}.Release|Any CPU.Build.0 = Release|Any CPU
		{865BA5F5-90C3-41FE-B046-E50F460F77B0}.Debug|Any CPU.ActiveCfg = Debug|Any CPU
		{865BA5F5-90C3-41FE-B046-E50F460F77B0}.Debug|Any CPU.Build.0 = Debug|Any CPU
		{865BA5F5-90C3-41FE-B046-E50F460F77B0}.Release|Any CPU.ActiveCfg = Release|Any CPU
		{865BA5F5-90C3-41FE-B046-E50F460F77B0}.Release|Any CPU.Build.0 = Release|Any CPU
		{AD330321-B3E4-413A-AC03-CC658E4C3109}.Debug|Any CPU.ActiveCfg = Debug|Any CPU
		{AD330321-B3E4-413A-AC03-CC658E4C3109}.Debug|Any CPU.Build.0 = Debug|Any CPU
		{AD330321-B3E4-413A-AC03-CC658E4C3109}.Release|Any CPU.ActiveCfg = Release|Any CPU
		{AD330321-B3E4-413A-AC03-CC658E4C3109}.Release|Any CPU.Build.0 = Release|Any CPU
		{10478383-E37D-4592-A0A0-6155B36083CE}.Debug|Any CPU.ActiveCfg = Debug|Any CPU
		{10478383-E37D-4592-A0A0-6155B36083CE}.Debug|Any CPU.Build.0 = Debug|Any CPU
		{10478383-E37D-4592-A0A0-6155B36083CE}.Release|Any CPU.ActiveCfg = Release|Any CPU
		{10478383-E37D-4592-A0A0-6155B36083CE}.Release|Any CPU.Build.0 = Release|Any CPU
		{63362B57-BEEF-4301-97A3-6BA4D169C4E4}.Debug|Any CPU.ActiveCfg = Debug|Any CPU
		{63362B57-BEEF-4301-97A3-6BA4D169C4E4}.Debug|Any CPU.Build.0 = Debug|Any CPU
		{63362B57-BEEF-4301-97A3-6BA4D169C4E4}.Release|Any CPU.ActiveCfg = Release|Any CPU
		{63362B57-BEEF-4301-97A3-6BA4D169C4E4}.Release|Any CPU.Build.0 = Release|Any CPU
		{6DCD2340-FDC6-45E7-A1E1-A72FE06C8838}.Debug|Any CPU.ActiveCfg = Debug|Any CPU
		{6DCD2340-FDC6-45E7-A1E1-A72FE06C8838}.Debug|Any CPU.Build.0 = Debug|Any CPU
		{6DCD2340-FDC6-45E7-A1E1-A72FE06C8838}.Release|Any CPU.ActiveCfg = Release|Any CPU
		{6DCD2340-FDC6-45E7-A1E1-A72FE06C8838}.Release|Any CPU.Build.0 = Release|Any CPU
		{A54AD143-847B-4380-B573-A76FBCA68B45}.Debug|Any CPU.ActiveCfg = Debug|Any CPU
		{A54AD143-847B-4380-B573-A76FBCA68B45}.Debug|Any CPU.Build.0 = Debug|Any CPU
		{A54AD143-847B-4380-B573-A76FBCA68B45}.Release|Any CPU.ActiveCfg = Release|Any CPU
		{A54AD143-847B-4380-B573-A76FBCA68B45}.Release|Any CPU.Build.0 = Release|Any CPU
	EndGlobalSection
	GlobalSection(NestedProjects) = preSolution
		{DA042A5F-7537-4DAA-9406-17D89C3C8F60} = {FA7325E9-9DA3-407E-8906-A80DD220DDE4}
		{A5D8EB71-CC19-49A6-B9DD-40983FC9C227} = {E0B6AB8F-E9C9-4938-BF25-4BFE4DDC59BF}
		{F4A7ACA0-F045-4CE6-9F6D-C787C68DF090} = {9CABCF9A-947C-406B-BA86-247BDA108EE1}
		{E28965EE-82C3-44D1-97B1-447F7DDFE7A3} = {65672FDB-C456-462D-876F-D7AF634C963F}
		{6F38CE83-E32D-4490-8391-64A9D9A6B7CF} = {CCD07C37-6FE9-40F8-B07F-9D04FE0E2455}
		{17129C35-D9D5-4778-9FEE-EF7EB740AD0F} = {358B8E2D-0A67-4791-AE21-1A6C59F3FDB7}
		{865BA5F5-90C3-41FE-B046-E50F460F77B0} = {2E6132CB-5C0F-43CD-8F47-60C8D5BBF673}
		{AD330321-B3E4-413A-AC03-CC658E4C3109} = {BDFAC397-8F07-41E1-816C-E5AD7FF0D9C7}
		{FA7325E9-9DA3-407E-8906-A80DD220DDE4} = {784E1865-5638-4E10-8639-87ABE9F45308}
		{E0B6AB8F-E9C9-4938-BF25-4BFE4DDC59BF} = {784E1865-5638-4E10-8639-87ABE9F45308}
		{9CABCF9A-947C-406B-BA86-247BDA108EE1} = {784E1865-5638-4E10-8639-87ABE9F45308}
		{65672FDB-C456-462D-876F-D7AF634C963F} = {784E1865-5638-4E10-8639-87ABE9F45308}
		{CCD07C37-6FE9-40F8-B07F-9D04FE0E2455} = {784E1865-5638-4E10-8639-87ABE9F45308}
		{358B8E2D-0A67-4791-AE21-1A6C59F3FDB7} = {784E1865-5638-4E10-8639-87ABE9F45308}
		{2E6132CB-5C0F-43CD-8F47-60C8D5BBF673} = {784E1865-5638-4E10-8639-87ABE9F45308}
		{BDFAC397-8F07-41E1-816C-E5AD7FF0D9C7} = {784E1865-5638-4E10-8639-87ABE9F45308}
		{EF845040-A724-4F8F-A6BC-2742A85487DF} = {F37BEF9C-93E4-4AAC-8B17-CF30DBE94B7F}
		{10478383-E37D-4592-A0A0-6155B36083CE} = {EF845040-A724-4F8F-A6BC-2742A85487DF}
		{EF0C3D5B-5F60-4BCA-8583-561A4F9CBBE2} = {F37BEF9C-93E4-4AAC-8B17-CF30DBE94B7F}
		{63362B57-BEEF-4301-97A3-6BA4D169C4E4} = {EF0C3D5B-5F60-4BCA-8583-561A4F9CBBE2}
		{2DC1FE04-A9A3-4051-B979-BCA647A8FFB8} = {F37BEF9C-93E4-4AAC-8B17-CF30DBE94B7F}
		{6DCD2340-FDC6-45E7-A1E1-A72FE06C8838} = {2DC1FE04-A9A3-4051-B979-BCA647A8FFB8}
		{5567E751-E6CA-4EFB-9517-49332FBA7D7E} = {F37BEF9C-93E4-4AAC-8B17-CF30DBE94B7F}
		{A54AD143-847B-4380-B573-A76FBCA68B45} = {5567E751-E6CA-4EFB-9517-49332FBA7D7E}
	EndGlobalSection
EndGlobal
